
Microsoft Visual Studio Solution File, Format Version 12.00
# Visual Studio 15
VisualStudioVersion = 15.0.28010.2041
MinimumVisualStudioVersion = 10.0.40219.1
Project("{FAE04EC0-301F-11D3-BF4B-00C04F79EFBC}") = "GradesTracker", "WpfApp1\GradesTracker.csproj", "{F4A2122A-DBCE-4B39-B1E7-A7DDB3ADF45D}"
EndProject
Project("{FAE04EC0-301F-11D3-BF4B-00C04F79EFBC}") = "GradesTrackerTests", "NotesTrakkerTests\GradesTrackerTests.csproj", "{666B4075-5CF1-4CD3-9627-94496BEF264E}"
EndProject
Global
	GlobalSection(SolutionConfigurationPlatforms) = preSolution
		Debug|Any CPU = Debug|Any CPU
		Release|Any CPU = Release|Any CPU
	EndGlobalSection
	GlobalSection(ProjectConfigurationPlatforms) = postSolution
		{F4A2122A-DBCE-4B39-B1E7-A7DDB3ADF45D}.Debug|Any CPU.ActiveCfg = Debug|Any CPU
		{F4A2122A-DBCE-4B39-B1E7-A7DDB3ADF45D}.Debug|Any CPU.Build.0 = Debug|Any CPU
		{F4A2122A-DBCE-4B39-B1E7-A7DDB3ADF45D}.Release|Any CPU.ActiveCfg = Release|Any CPU
		{F4A2122A-DBCE-4B39-B1E7-A7DDB3ADF45D}.Release|Any CPU.Build.0 = Release|Any CPU
		{666B4075-5CF1-4CD3-9627-94496BEF264E}.Debug|Any CPU.ActiveCfg = Debug|Any CPU
		{666B4075-5CF1-4CD3-9627-94496BEF264E}.Debug|Any CPU.Build.0 = Debug|Any CPU
		{666B4075-5CF1-4CD3-9627-94496BEF264E}.Release|Any CPU.ActiveCfg = Release|Any CPU
		{666B4075-5CF1-4CD3-9627-94496BEF264E}.Release|Any CPU.Build.0 = Release|Any CPU
	EndGlobalSection
	GlobalSection(SolutionProperties) = preSolution
		HideSolutionNode = FALSE
	EndGlobalSection
	GlobalSection(ExtensibilityGlobals) = postSolution
		SolutionGuid = {4FD50AE4-03B3-49BB-A8A3-F14EAEC74481}
	EndGlobalSection
EndGlobal
